Microsoft Visual Studio Solution File, Format Version 9.00
# Visual C++ Express 2005
Project("{8BC9CEB8-8B4A-11D0-8D11-00A0C91BC942}") = "random_ellipses_stars", "random_ellipses_stars.vcproj", "{C16633DE-83F8-40E3-9915-3B9C872C7B1E}"
EndProject
Project("{8BC9CEB8-8B4A-11D0-8D11-00A0C91BC942}") = "intersection_stars", "intersection_stars.vcproj", "{A76B81BF-B5B4-4D09-BB81-F235647891DE}"
EndProject
Project("{8BC9CEB8-8B4A-11D0-8D11-00A0C91BC942}") = "intersection_pies", "intersection_pies.vcproj", "{24D92478-7C66-4DD5-A501-30A3D4376E4F}"
EndProject
Project("{8BC9CEB8-8B4A-11D0-8D11-00A0C91BC942}") = "recursive_polygons", "recursive_polygons.vcproj", "{E1AA569C-858C-4789-A6FF-5CDFB41C59D7}"
EndProject
Project("{8BC9CEB8-8B4A-11D0-8D11-00A0C91BC942}") = "star_comb", "star_comb.vcproj", "{6D8C81C1-23CD-469E-8094-E0C01B51E944}"
EndProject
Project("{8BC9CEB8-8B4A-11D0-8D11-00A0C91BC942}") = "interior_triangles", "interior_triangles.vcproj", "{7583C2E3-AD74-4C34-8E94-9162F641B215}"
EndProject
Project("{8BC9CEB8-8B4A-11D0-8D11-00A0C91BC942}") = "intersects", "intersects.vcproj", "{1AC9B120-3ED0-4444-86E5-1916108943C7}"
EndProject
Global
	GlobalSection(SolutionConfigurationPlatforms) = preSolution
		Debug|Win32 = Debug|Win32
		Release|Win32 = Release|Win32
	EndGlobalSection
	GlobalSection(ProjectConfigurationPlatforms) = postSolution
		{C16633DE-83F8-40E3-9915-3B9C872C7B1E}.Debug|Win32.ActiveCfg = Debug|Win32
		{C16633DE-83F8-40E3-9915-3B9C872C7B1E}.Debug|Win32.Build.0 = Debug|Win32
		{C16633DE-83F8-40E3-9915-3B9C872C7B1E}.Release|Win32.ActiveCfg = Release|Win32
		{C16633DE-83F8-40E3-9915-3B9C872C7B1E}.Release|Win32.Build.0 = Release|Win32
		{A76B81BF-B5B4-4D09-BB81-F235647891DE}.Debug|Win32.ActiveCfg = Debug|Win32
		{A76B81BF-B5B4-4D09-BB81-F235647891DE}.Debug|Win32.Build.0 = Debug|Win32
		{A76B81BF-B5B4-4D09-BB81-F235647891DE}.Release|Win32.ActiveCfg = Release|Win32
		{A76B81BF-B5B4-4D09-BB81-F235647891DE}.Release|Win32.Build.0 = Release|Win32
		{24D92478-7C66-4DD5-A501-30A3D4376E4F}.Debug|Win32.ActiveCfg = Debug|Win32
		{24D92478-7C66-4DD5-A501-30A3D4376E4F}.Debug|Win32.Build.0 = Debug|Win32
		{24D92478-7C66-4DD5-A501-30A3D4376E4F}.Release|Win32.ActiveCfg = Release|Win32
		{24D92478-7C66-4DD5-A501-30A3D4376E4F}.Release|Win32.Build.0 = Release|Win32
		{E1AA569C-858C-4789-A6FF-5CDFB41C59D7}.Debug|Win32.ActiveCfg = Debug|Win32
		{E1AA569C-858C-4789-A6FF-5CDFB41C59D7}.Debug|Win32.Build.0 = Debug|Win32
		{E1AA569C-858C-4789-A6FF-5CDFB41C59D7}.Release|Win32.ActiveCfg = Release|Win32
		{E1AA569C-858C-4789-A6FF-5CDFB41C59D7}.Release|Win32.Build.0 = Release|Win32
		{6D8C81C1-23CD-469E-8094-E0C01B51E944}.Debug|Win32.ActiveCfg = Debug|Win32
		{6D8C81C1-23CD-469E-8094-E0C01B51E944}.Debug|Win32.Build.0 = Debug|Win32
		{6D8C81C1-23CD-469E-8094-E0C01B51E944}.Release|Win32.ActiveCfg = Release|Win32
		{6D8C81C1-23CD-469E-8094-E0C01B51E944}.Release|Win32.Build.0 = Release|Win32
		{7583C2E3-AD74-4C34-8E94-9162F641B215}.Debug|Win32.ActiveCfg = Debug|Win32
		{7583C2E3-AD74-4C34-8E94-9162F641B215}.Debug|Win32.Build.0 = Debug|Win32
		{7583C2E3-AD74-4C34-8E94-9162F641B215}.Release|Win32.ActiveCfg = Release|Win32
		{7583C2E3-AD74-4C34-8E94-9162F641B215}.Release|Win32.Build.0 = Release|Win32
		{1AC9B120-3ED0-4444-86E5-1916108943C7}.Debug|Win32.ActiveCfg = Debug|Win32
		{1AC9B120-3ED0-4444-86E5-1916108943C7}.Debug|Win32.Build.0 = Debug|Win32
		{1AC9B120-3ED0-4444-86E5-1916108943C7}.Release|Win32.ActiveCfg = Release|Win32
		{1AC9B120-3ED0-4444-86E5-1916108943C7}.Release|Win32.Build.0 = Release|Win32
	EndGlobalSection
	GlobalSection(SolutionProperties) = preSolution
		HideSolutionNode = FALSE
	EndGlobalSection
EndGlobal
