Microsoft Visual Studio Solution File, Format Version 9.00
# Visual C++ Express 2005
Project("{8BC9CEB8-8B4A-11D0-8D11-00A0C91BC942}") = "doxygen_1", "doxygen_1.vcproj", "{861F130D-2849-4B50-B240-049DBD9D3F18}"
EndProject
Project("{8BC9CEB8-8B4A-11D0-8D11-00A0C91BC942}") = "doxygen_2", "doxygen_2.vcproj", "{6CF6A521-57E0-4DA4-9D17-ED5D29E4208C}"
EndProject
Project("{8BC9CEB8-8B4A-11D0-8D11-00A0C91BC942}") = "doxygen_3", "doxygen_3.vcproj", "{45D4139F-BC5B-4D48-BAB8-9901C53ECCC9}"
EndProject
Project("{8BC9CEB8-8B4A-11D0-8D11-00A0C91BC942}") = "doxygen_4", "doxygen_4.vcproj", "{CBEDAEC7-EC87-4F91-9C45-F9505A052A44}"
EndProject
Project("{8BC9CEB8-8B4A-11D0-8D11-00A0C91BC942}") = "doxygen_5", "doxygen_5.vcproj", "{0CDE9E15-C937-4D05-B9BF-A2D96B8EAD33}"
EndProject
Global
	GlobalSection(SolutionConfigurationPlatforms) = preSolution
		Debug|Win32 = Debug|Win32
		Release|Win32 = Release|Win32
	EndGlobalSection
	GlobalSection(ProjectConfigurationPlatforms) = postSolution
		{861F130D-2849-4B50-B240-049DBD9D3F18}.Debug|Win32.ActiveCfg = Debug|Win32
		{861F130D-2849-4B50-B240-049DBD9D3F18}.Debug|Win32.Build.0 = Debug|Win32
		{861F130D-2849-4B50-B240-049DBD9D3F18}.Release|Win32.ActiveCfg = Release|Win32
		{861F130D-2849-4B50-B240-049DBD9D3F18}.Release|Win32.Build.0 = Release|Win32
		{6CF6A521-57E0-4DA4-9D17-ED5D29E4208C}.Debug|Win32.ActiveCfg = Debug|Win32
		{6CF6A521-57E0-4DA4-9D17-ED5D29E4208C}.Debug|Win32.Build.0 = Debug|Win32
		{6CF6A521-57E0-4DA4-9D17-ED5D29E4208C}.Release|Win32.ActiveCfg = Release|Win32
		{6CF6A521-57E0-4DA4-9D17-ED5D29E4208C}.Release|Win32.Build.0 = Release|Win32
		{45D4139F-BC5B-4D48-BAB8-9901C53ECCC9}.Debug|Win32.ActiveCfg = Debug|Win32
		{45D4139F-BC5B-4D48-BAB8-9901C53ECCC9}.Debug|Win32.Build.0 = Debug|Win32
		{45D4139F-BC5B-4D48-BAB8-9901C53ECCC9}.Release|Win32.ActiveCfg = Release|Win32
		{45D4139F-BC5B-4D48-BAB8-9901C53ECCC9}.Release|Win32.Build.0 = Release|Win32
		{CBEDAEC7-EC87-4F91-9C45-F9505A052A44}.Debug|Win32.ActiveCfg = Debug|Win32
		{CBEDAEC7-EC87-4F91-9C45-F9505A052A44}.Debug|Win32.Build.0 = Debug|Win32
		{CBEDAEC7-EC87-4F91-9C45-F9505A052A44}.Release|Win32.ActiveCfg = Release|Win32
		{CBEDAEC7-EC87-4F91-9C45-F9505A052A44}.Release|Win32.Build.0 = Release|Win32
		{0CDE9E15-C937-4D05-B9BF-A2D96B8EAD33}.Debug|Win32.ActiveCfg = Debug|Win32
		{0CDE9E15-C937-4D05-B9BF-A2D96B8EAD33}.Debug|Win32.Build.0 = Debug|Win32
		{0CDE9E15-C937-4D05-B9BF-A2D96B8EAD33}.Release|Win32.ActiveCfg = Release|Win32
		{0CDE9E15-C937-4D05-B9BF-A2D96B8EAD33}.Release|Win32.Build.0 = Release|Win32
	EndGlobalSection
	GlobalSection(SolutionProperties) = preSolution
		HideSolutionNode = FALSE
	EndGlobalSection
EndGlobal
