Microsoft Visual Studio Solution File, Format Version 10.00
# Visual C++ Express 2008
Project("{8BC9CEB8-8B4A-11D0-8D11-00A0C91BC942}") = "x01_qt_example", "x01_qt_example.vcproj", "{242C6ADC-3A10-4B69-81F7-5669E0582A8B}"
EndProject
Global
	GlobalSection(SolutionConfigurationPlatforms) = preSolution
		Debug|Win32 = Debug|Win32
		Release|Win32 = Release|Win32
	EndGlobalSection
	GlobalSection(ProjectConfigurationPlatforms) = postSolution
		{242C6ADC-3A10-4B69-81F7-5669E0582A8B}.Debug|Win32.ActiveCfg = Debug|Win32
		{242C6ADC-3A10-4B69-81F7-5669E0582A8B}.Debug|Win32.Build.0 = Debug|Win32
		{242C6ADC-3A10-4B69-81F7-5669E0582A8B}.Release|Win32.ActiveCfg = Release|Win32
		{242C6ADC-3A10-4B69-81F7-5669E0582A8B}.Release|Win32.Build.0 = Release|Win32
	EndGlobalSection
	GlobalSection(SolutionProperties) = preSolution
		HideSolutionNode = FALSE
	EndGlobalSection
EndGlobal
