
Microsoft Visual Studio Solution File, Format Version 9.00
# Visual C++ Express 2005
Project("{8BC9CEB8-8B4A-11D0-8D11-00A0C91BC942}") = "random_multi_points", "random_multi_points.vcproj", "{334B6950-6F92-4FA3-9A82-ED6E3B19BB2C}"
EndProject
Global
	GlobalSection(SolutionConfigurationPlatforms) = preSolution
		Debug|Win32 = Debug|Win32
		Release|Win32 = Release|Win32
	EndGlobalSection
	GlobalSection(ProjectConfigurationPlatforms) = postSolution
		{334B6950-6F92-4FA3-9A82-ED6E3B19BB2C}.Debug|Win32.ActiveCfg = Debug|Win32
		{334B6950-6F92-4FA3-9A82-ED6E3B19BB2C}.Debug|Win32.Build.0 = Debug|Win32
		{334B6950-6F92-4FA3-9A82-ED6E3B19BB2C}.Release|Win32.ActiveCfg = Release|Win32
		{334B6950-6F92-4FA3-9A82-ED6E3B19BB2C}.Release|Win32.Build.0 = Release|Win32
	EndGlobalSection
	GlobalSection(SolutionProperties) = preSolution
		HideSolutionNode = FALSE
	EndGlobalSection
EndGlobal
