Microsoft Visual Studio Solution File, Format Version 9.00
# Visual C++ Express 2005
Project("{8BC9CEB8-8B4A-11D0-8D11-00A0C91BC942}") = "closeable_view", "closeable_view.vcproj", "{5C40995A-B6FC-4C94-B552-0D80EC9E2049}"
EndProject
Project("{8BC9CEB8-8B4A-11D0-8D11-00A0C91BC942}") = "reversible_closeable", "reversible_closeable.vcproj", "{AAA72638-34CD-4A34-8329-984DFC766E24}"
EndProject
Project("{8BC9CEB8-8B4A-11D0-8D11-00A0C91BC942}") = "reversible_view", "reversible_view.vcproj", "{BFB08FEE-76D6-4F3D-9184-BE03CC3F7968}"
EndProject
Project("{8BC9CEB8-8B4A-11D0-8D11-00A0C91BC942}") = "box_view", "box_view.vcproj", "{34A1F53A-DA46-41E6-9E26-740D22D662DC}"
EndProject
Project("{8BC9CEB8-8B4A-11D0-8D11-00A0C91BC942}") = "segment_view", "segment_view.vcproj", "{B49AC3E2-3497-465B-88C2-BCADA4B4ADAF}"
EndProject
Global
	GlobalSection(SolutionConfigurationPlatforms) = preSolution
		Debug|Win32 = Debug|Win32
		Release|Win32 = Release|Win32
	EndGlobalSection
	GlobalSection(ProjectConfigurationPlatforms) = postSolution
		{5C40995A-B6FC-4C94-B552-0D80EC9E2049}.Debug|Win32.ActiveCfg = Debug|Win32
		{5C40995A-B6FC-4C94-B552-0D80EC9E2049}.Debug|Win32.Build.0 = Debug|Win32
		{5C40995A-B6FC-4C94-B552-0D80EC9E2049}.Release|Win32.ActiveCfg = Release|Win32
		{5C40995A-B6FC-4C94-B552-0D80EC9E2049}.Release|Win32.Build.0 = Release|Win32
		{AAA72638-34CD-4A34-8329-984DFC766E24}.Debug|Win32.ActiveCfg = Debug|Win32
		{AAA72638-34CD-4A34-8329-984DFC766E24}.Debug|Win32.Build.0 = Debug|Win32
		{AAA72638-34CD-4A34-8329-984DFC766E24}.Release|Win32.ActiveCfg = Release|Win32
		{AAA72638-34CD-4A34-8329-984DFC766E24}.Release|Win32.Build.0 = Release|Win32
		{BFB08FEE-76D6-4F3D-9184-BE03CC3F7968}.Debug|Win32.ActiveCfg = Debug|Win32
		{BFB08FEE-76D6-4F3D-9184-BE03CC3F7968}.Debug|Win32.Build.0 = Debug|Win32
		{BFB08FEE-76D6-4F3D-9184-BE03CC3F7968}.Release|Win32.ActiveCfg = Release|Win32
		{BFB08FEE-76D6-4F3D-9184-BE03CC3F7968}.Release|Win32.Build.0 = Release|Win32
		{34A1F53A-DA46-41E6-9E26-740D22D662DC}.Debug|Win32.ActiveCfg = Debug|Win32
		{34A1F53A-DA46-41E6-9E26-740D22D662DC}.Debug|Win32.Build.0 = Debug|Win32
		{34A1F53A-DA46-41E6-9E26-740D22D662DC}.Release|Win32.ActiveCfg = Release|Win32
		{34A1F53A-DA46-41E6-9E26-740D22D662DC}.Release|Win32.Build.0 = Release|Win32
		{B49AC3E2-3497-465B-88C2-BCADA4B4ADAF}.Debug|Win32.ActiveCfg = Debug|Win32
		{B49AC3E2-3497-465B-88C2-BCADA4B4ADAF}.Debug|Win32.Build.0 = Debug|Win32
		{B49AC3E2-3497-465B-88C2-BCADA4B4ADAF}.Release|Win32.ActiveCfg = Release|Win32
		{B49AC3E2-3497-465B-88C2-BCADA4B4ADAF}.Release|Win32.Build.0 = Release|Win32
	EndGlobalSection
	GlobalSection(SolutionProperties) = preSolution
		HideSolutionNode = FALSE
	EndGlobalSection
EndGlobal
