Microsoft Visual Studio Solution File, Format Version 9.00
# Visual C++ Express 2005
Project("{8BC9CEB8-8B4A-11D0-8D11-00A0C91BC942}") = "for_each_coordinate", "for_each_coordinate.vcproj", "{900CD32E-1B78-40E3-887F-9BCCC0A1041E}"
EndProject
Project("{8BC9CEB8-8B4A-11D0-8D11-00A0C91BC942}") = "select_most_precise", "select_most_precise.vcproj", "{D0982142-D3B1-4084-B724-83FB7E49EB98}"
EndProject
Project("{8BC9CEB8-8B4A-11D0-8D11-00A0C91BC942}") = "write_dsv", "write_dsv.vcproj", "{FC796B9D-2FC4-46C1-B733-9C2C5BB48094}"
EndProject
Project("{8BC9CEB8-8B4A-11D0-8D11-00A0C91BC942}") = "as_range", "as_range.vcproj", "{A36D8426-67EB-405C-B6E8-3FBB3374A59B}"
EndProject
Project("{8BC9CEB8-8B4A-11D0-8D11-00A0C91BC942}") = "rational", "rational.vcproj", "{6ABF6324-C1DC-4687-9895-B4CE2B27446F}"
EndProject
Project("{8BC9CEB8-8B4A-11D0-8D11-00A0C91BC942}") = "calculation_type", "calculation_type.vcproj", "{CF8FE803-A26B-4553-B605-9C28225B5595}"
EndProject
Global
	GlobalSection(SolutionConfigurationPlatforms) = preSolution
		Debug|Win32 = Debug|Win32
		Release|Win32 = Release|Win32
	EndGlobalSection
	GlobalSection(ProjectConfigurationPlatforms) = postSolution
		{900CD32E-1B78-40E3-887F-9BCCC0A1041E}.Debug|Win32.ActiveCfg = Debug|Win32
		{900CD32E-1B78-40E3-887F-9BCCC0A1041E}.Debug|Win32.Build.0 = Debug|Win32
		{900CD32E-1B78-40E3-887F-9BCCC0A1041E}.Release|Win32.ActiveCfg = Release|Win32
		{900CD32E-1B78-40E3-887F-9BCCC0A1041E}.Release|Win32.Build.0 = Release|Win32
		{D0982142-D3B1-4084-B724-83FB7E49EB98}.Debug|Win32.ActiveCfg = Debug|Win32
		{D0982142-D3B1-4084-B724-83FB7E49EB98}.Debug|Win32.Build.0 = Debug|Win32
		{D0982142-D3B1-4084-B724-83FB7E49EB98}.Release|Win32.ActiveCfg = Release|Win32
		{D0982142-D3B1-4084-B724-83FB7E49EB98}.Release|Win32.Build.0 = Release|Win32
		{FC796B9D-2FC4-46C1-B733-9C2C5BB48094}.Debug|Win32.ActiveCfg = Debug|Win32
		{FC796B9D-2FC4-46C1-B733-9C2C5BB48094}.Debug|Win32.Build.0 = Debug|Win32
		{FC796B9D-2FC4-46C1-B733-9C2C5BB48094}.Release|Win32.ActiveCfg = Release|Win32
		{FC796B9D-2FC4-46C1-B733-9C2C5BB48094}.Release|Win32.Build.0 = Release|Win32
		{A36D8426-67EB-405C-B6E8-3FBB3374A59B}.Debug|Win32.ActiveCfg = Debug|Win32
		{A36D8426-67EB-405C-B6E8-3FBB3374A59B}.Debug|Win32.Build.0 = Debug|Win32
		{A36D8426-67EB-405C-B6E8-3FBB3374A59B}.Release|Win32.ActiveCfg = Release|Win32
		{A36D8426-67EB-405C-B6E8-3FBB3374A59B}.Release|Win32.Build.0 = Release|Win32
		{6ABF6324-C1DC-4687-9895-B4CE2B27446F}.Debug|Win32.ActiveCfg = Debug|Win32
		{6ABF6324-C1DC-4687-9895-B4CE2B27446F}.Debug|Win32.Build.0 = Debug|Win32
		{6ABF6324-C1DC-4687-9895-B4CE2B27446F}.Release|Win32.ActiveCfg = Release|Win32
		{6ABF6324-C1DC-4687-9895-B4CE2B27446F}.Release|Win32.Build.0 = Release|Win32
		{CF8FE803-A26B-4553-B605-9C28225B5595}.Debug|Win32.ActiveCfg = Debug|Win32
		{CF8FE803-A26B-4553-B605-9C28225B5595}.Debug|Win32.Build.0 = Debug|Win32
		{CF8FE803-A26B-4553-B605-9C28225B5595}.Release|Win32.ActiveCfg = Release|Win32
		{CF8FE803-A26B-4553-B605-9C28225B5595}.Release|Win32.Build.0 = Release|Win32
	EndGlobalSection
	GlobalSection(SolutionProperties) = preSolution
		HideSolutionNode = FALSE
	EndGlobalSection
EndGlobal
