Microsoft Visual Studio Solution File, Format Version 9.00
# Visual C++ Express 2005
Project("{8BC9CEB8-8B4A-11D0-8D11-00A0C91BC942}") = "linestring_concept", "linestring_concept.vcproj", "{CA8D5E44-7D8F-44A1-900C-35C28890299B}"
EndProject
Project("{8BC9CEB8-8B4A-11D0-8D11-00A0C91BC942}") = "polygon_concept", "polygon_concept.vcproj", "{306B99D1-576A-4EB6-BF7E-B111CA3807FE}"
EndProject
Global
	GlobalSection(SolutionConfigurationPlatforms) = preSolution
		Debug|Win32 = Debug|Win32
		Release|Win32 = Release|Win32
	EndGlobalSection
	GlobalSection(ProjectConfigurationPlatforms) = postSolution
		{CA8D5E44-7D8F-44A1-900C-35C28890299B}.Debug|Win32.ActiveCfg = Debug|Win32
		{CA8D5E44-7D8F-44A1-900C-35C28890299B}.Debug|Win32.Build.0 = Debug|Win32
		{CA8D5E44-7D8F-44A1-900C-35C28890299B}.Release|Win32.ActiveCfg = Release|Win32
		{CA8D5E44-7D8F-44A1-900C-35C28890299B}.Release|Win32.Build.0 = Release|Win32
		{306B99D1-576A-4EB6-BF7E-B111CA3807FE}.Debug|Win32.ActiveCfg = Debug|Win32
		{306B99D1-576A-4EB6-BF7E-B111CA3807FE}.Debug|Win32.Build.0 = Debug|Win32
		{306B99D1-576A-4EB6-BF7E-B111CA3807FE}.Release|Win32.ActiveCfg = Release|Win32
		{306B99D1-576A-4EB6-BF7E-B111CA3807FE}.Release|Win32.Build.0 = Release|Win32
	EndGlobalSection
	GlobalSection(SolutionProperties) = preSolution
		HideSolutionNode = FALSE
	EndGlobalSection
EndGlobal
