
Microsoft Visual Studio Solution File, Format Version 9.00
# Visual C++ Express 2005
Project("{8BC9CEB8-8B4A-11D0-8D11-00A0C91BC942}") = "recursive_polygons_linear_areal", "recursive_polygons_linear_areal.vcproj", "{1E269699-9450-4DD6-ACC3-C6A9AD2FC6E0}"
EndProject
Global
	GlobalSection(SolutionConfigurationPlatforms) = preSolution
		Debug|Win32 = Debug|Win32
		Release|Win32 = Release|Win32
	EndGlobalSection
	GlobalSection(ProjectConfigurationPlatforms) = postSolution
		{1E269699-9450-4DD6-ACC3-C6A9AD2FC6E0}.Debug|Win32.ActiveCfg = Debug|Win32
		{1E269699-9450-4DD6-ACC3-C6A9AD2FC6E0}.Debug|Win32.Build.0 = Debug|Win32
		{1E269699-9450-4DD6-ACC3-C6A9AD2FC6E0}.Release|Win32.ActiveCfg = Release|Win32
		{1E269699-9450-4DD6-ACC3-C6A9AD2FC6E0}.Release|Win32.Build.0 = Release|Win32
	EndGlobalSection
	GlobalSection(SolutionProperties) = preSolution
		HideSolutionNode = FALSE
	EndGlobalSection
EndGlobal
