Microsoft Visual Studio Solution File, Format Version 9.00
# Visual C++ Express 2005
Project("{6CD4A68C-3EA1-11E1-B9E4-BF144924019B}") = "dsv", "dsv.vcproj", "{7463ED40-3EA1-11E1-9FC7-D0144924019B}"
EndProject
Global
	GlobalSection(SolutionConfigurationPlatforms) = preSolution
		Debug|Win32 = Debug|Win32
		Release|Win32 = Release|Win32
	EndGlobalSection
	GlobalSection(ProjectConfigurationPlatforms) = postSolution
		{7463ED40-3EA1-11E1-9FC7-D0144924019B}.Debug|Win32.ActiveCfg = Debug|Win32
		{7463ED40-3EA1-11E1-9FC7-D0144924019B}.Debug|Win32.Build.0 = Debug|Win32
		{7463ED40-3EA1-11E1-9FC7-D0144924019B}.Release|Win32.ActiveCfg = Release|Win32
		{7463ED40-3EA1-11E1-9FC7-D0144924019B}.Release|Win32.Build.0 = Release|Win32
	EndGlobalSection
	GlobalSection(SolutionProperties) = preSolution
		HideSolutionNode = FALSE
	EndGlobalSection
EndGlobal
