Microsoft Visual Studio Solution File, Format Version 9.00
# Visual C++ Express 2005
Project("{8BC9CEB8-8B4A-11D0-8D11-00A0C91BC942}") = "append", "append.vcproj", "{774F6471-D8A0-481C-9B0A-4903EED25C70}"
EndProject
Project("{8BC9CEB8-8B4A-11D0-8D11-00A0C91BC942}") = "area", "area.vcproj", "{E86E6687-AC05-4DBE-A8BD-C47BCB6AEE90}"
EndProject
Project("{8BC9CEB8-8B4A-11D0-8D11-00A0C91BC942}") = "assign", "assign.vcproj", "{94BC6547-67C1-44DB-903D-526537A91E23}"
EndProject
Project("{8BC9CEB8-8B4A-11D0-8D11-00A0C91BC942}") = "expand", "expand.vcproj", "{5330DAB1-DF27-44FC-971B-3C5094F82FA3}"
EndProject
Project("{8BC9CEB8-8B4A-11D0-8D11-00A0C91BC942}") = "convex_hull", "convex_hull.vcproj", "{0AFF7A85-63A7-4178-92A5-CC692B09F5B9}"
EndProject
Project("{8BC9CEB8-8B4A-11D0-8D11-00A0C91BC942}") = "distance", "distance.vcproj", "{347D08A4-22E9-45B1-A55B-AE84AA2EAA53}"
EndProject
Project("{8BC9CEB8-8B4A-11D0-8D11-00A0C91BC942}") = "envelope", "envelope.vcproj", "{26EFCAF4-7907-4A47-ACBF-6CAB738CDCEB}"
EndProject
Project("{8BC9CEB8-8B4A-11D0-8D11-00A0C91BC942}") = "make", "make.vcproj", "{BCD17F3E-8DF2-4B00-A75E-BF7372D2873B}"
EndProject
Project("{8BC9CEB8-8B4A-11D0-8D11-00A0C91BC942}") = "simplify", "simplify.vcproj", "{B1760CB8-553B-42AB-B54E-3D0320FF252F}"
EndProject
Project("{8BC9CEB8-8B4A-11D0-8D11-00A0C91BC942}") = "transform", "transform.vcproj", "{41413E56-08DA-4592-94D2-5311FE90C62B}"
EndProject
Project("{8BC9CEB8-8B4A-11D0-8D11-00A0C91BC942}") = "buffer", "buffer.vcproj", "{C66E1F6F-84F6-44E2-B5E8-2B127065BE31}"
EndProject
Project("{8BC9CEB8-8B4A-11D0-8D11-00A0C91BC942}") = "for_each", "for_each.vcproj", "{774F6471-D8A0-481C-9B0A-4903EAD25B70}"
EndProject
Project("{8BC9CEB8-8B4A-11D0-8D11-00A0C91BC942}") = "disjoint", "disjoint.vcproj", "{96D51D96-B35F-47C8-864D-371DF2280686}"
EndProject
Project("{8BC9CEB8-8B4A-11D0-8D11-00A0C91BC942}") = "centroid", "centroid.vcproj", "{1E90E5BC-1280-4A6A-B197-132ABBF97EB9}"
EndProject
Project("{8BC9CEB8-8B4A-11D0-8D11-00A0C91BC942}") = "intersection", "intersection.vcproj", "{2FD8EDAB-B3C3-4654-B6C3-B25C12A063D3}"
EndProject
Project("{8BC9CEB8-8B4A-11D0-8D11-00A0C91BC942}") = "correct", "correct.vcproj", "{71582BDA-D4DF-400D-8630-378BE102C038}"
EndProject
Project("{8BC9CEB8-8B4A-11D0-8D11-00A0C91BC942}") = "within", "within.vcproj", "{C7BCD670-543D-4B29-B2D6-F3169949F79D}"
EndProject
Project("{8BC9CEB8-8B4A-11D0-8D11-00A0C91BC942}") = "length", "length.vcproj", "{C4D75B1E-34D5-4A98-8535-A9535BE949E4}"
EndProject
Project("{8BC9CEB8-8B4A-11D0-8D11-00A0C91BC942}") = "perimeter", "perimeter.vcproj", "{EFC23FC0-86D3-4C81-A218-26F0D5A4D50B}"
EndProject
Project("{8BC9CEB8-8B4A-11D0-8D11-00A0C91BC942}") = "union", "union.vcproj", "{CA5EE1D6-CB4B-4A15-85C5-31D5C00289C4}"
EndProject
Project("{8BC9CEB8-8B4A-11D0-8D11-00A0C91BC942}") = "overlaps", "overlaps.vcproj", "{30C37854-9ED6-4C1E-97FB-BF8637BD5811}"
EndProject
Project("{8BC9CEB8-8B4A-11D0-8D11-00A0C91BC942}") = "intersects", "intersects.vcproj", "{B1A97F62-85CD-4239-BB56-619988B08260}"
EndProject
Project("{8BC9CEB8-8B4A-11D0-8D11-00A0C91BC942}") = "equals", "equals.vcproj", "{E54F493F-BF9D-4A6D-AE2F-5F97AC95251A}"
EndProject
Project("{8BC9CEB8-8B4A-11D0-8D11-00A0C91BC942}") = "difference", "difference.vcproj", "{4EBFC27A-75C9-43A1-8DDA-AFEB45C564DC}"
EndProject
Project("{8BC9CEB8-8B4A-11D0-8D11-00A0C91BC942}") = "unique", "unique.vcproj", "{104D31F9-49BA-4A1A-B84F-0A3AEE3C4DB2}"
EndProject
Project("{8BC9CEB8-8B4A-11D0-8D11-00A0C91BC942}") = "reverse", "reverse.vcproj", "{14B5DFC5-D511-4D8C-A231-EE90A05687E1}"
EndProject
Project("{8BC9CEB8-8B4A-11D0-8D11-00A0C91BC942}") = "comparable_distance", "comparable_distance.vcproj", "{F11970B5-BE16-4FF5-9780-4C15082B76A0}"
EndProject
Project("{8BC9CEB8-8B4A-11D0-8D11-00A0C91BC942}") = "convert", "convert.vcproj", "{FABF1AA7-F695-49F8-92F6-AB6C4B0C088A}"
EndProject
Project("{8BC9CEB8-8B4A-11D0-8D11-00A0C91BC942}") = "covered_by", "covered_by.vcproj", "{5ABF0B56-F9F1-4D93-B15A-E3972F45D97B}"
EndProject
Project("{8BC9CEB8-8B4A-11D0-8D11-00A0C91BC942}") = "touches", "touches.vcproj", "{8359726E-9F03-4300-8F63-1FEAC84251D0}"
EndProject
Global
	GlobalSection(SolutionConfigurationPlatforms) = preSolution
		Debug|Win32 = Debug|Win32
		Release|Win32 = Release|Win32
	EndGlobalSection
	GlobalSection(ProjectConfigurationPlatforms) = postSolution
		{774F6471-D8A0-481C-9B0A-4903EED25C70}.Debug|Win32.ActiveCfg = Debug|Win32
		{774F6471-D8A0-481C-9B0A-4903EED25C70}.Debug|Win32.Build.0 = Debug|Win32
		{774F6471-D8A0-481C-9B0A-4903EED25C70}.Release|Win32.ActiveCfg = Release|Win32
		{774F6471-D8A0-481C-9B0A-4903EED25C70}.Release|Win32.Build.0 = Release|Win32
		{E86E6687-AC05-4DBE-A8BD-C47BCB6AEE90}.Debug|Win32.ActiveCfg = Debug|Win32
		{E86E6687-AC05-4DBE-A8BD-C47BCB6AEE90}.Debug|Win32.Build.0 = Debug|Win32
		{E86E6687-AC05-4DBE-A8BD-C47BCB6AEE90}.Release|Win32.ActiveCfg = Release|Win32
		{E86E6687-AC05-4DBE-A8BD-C47BCB6AEE90}.Release|Win32.Build.0 = Release|Win32
		{94BC6547-67C1-44DB-903D-526537A91E23}.Debug|Win32.ActiveCfg = Debug|Win32
		{94BC6547-67C1-44DB-903D-526537A91E23}.Debug|Win32.Build.0 = Debug|Win32
		{94BC6547-67C1-44DB-903D-526537A91E23}.Release|Win32.ActiveCfg = Release|Win32
		{94BC6547-67C1-44DB-903D-526537A91E23}.Release|Win32.Build.0 = Release|Win32
		{5330DAB1-DF27-44FC-971B-3C5094F82FA3}.Debug|Win32.ActiveCfg = Debug|Win32
		{5330DAB1-DF27-44FC-971B-3C5094F82FA3}.Debug|Win32.Build.0 = Debug|Win32
		{5330DAB1-DF27-44FC-971B-3C5094F82FA3}.Release|Win32.ActiveCfg = Release|Win32
		{5330DAB1-DF27-44FC-971B-3C5094F82FA3}.Release|Win32.Build.0 = Release|Win32
		{0AFF7A85-63A7-4178-92A5-CC692B09F5B9}.Debug|Win32.ActiveCfg = Debug|Win32
		{0AFF7A85-63A7-4178-92A5-CC692B09F5B9}.Debug|Win32.Build.0 = Debug|Win32
		{0AFF7A85-63A7-4178-92A5-CC692B09F5B9}.Release|Win32.ActiveCfg = Release|Win32
		{0AFF7A85-63A7-4178-92A5-CC692B09F5B9}.Release|Win32.Build.0 = Release|Win32
		{347D08A4-22E9-45B1-A55B-AE84AA2EAA53}.Debug|Win32.ActiveCfg = Debug|Win32
		{347D08A4-22E9-45B1-A55B-AE84AA2EAA53}.Debug|Win32.Build.0 = Debug|Win32
		{347D08A4-22E9-45B1-A55B-AE84AA2EAA53}.Release|Win32.ActiveCfg = Release|Win32
		{347D08A4-22E9-45B1-A55B-AE84AA2EAA53}.Release|Win32.Build.0 = Release|Win32
		{26EFCAF4-7907-4A47-ACBF-6CAB738CDCEB}.Debug|Win32.ActiveCfg = Debug|Win32
		{26EFCAF4-7907-4A47-ACBF-6CAB738CDCEB}.Debug|Win32.Build.0 = Debug|Win32
		{26EFCAF4-7907-4A47-ACBF-6CAB738CDCEB}.Release|Win32.ActiveCfg = Release|Win32
		{26EFCAF4-7907-4A47-ACBF-6CAB738CDCEB}.Release|Win32.Build.0 = Release|Win32
		{BCD17F3E-8DF2-4B00-A75E-BF7372D2873B}.Debug|Win32.ActiveCfg = Debug|Win32
		{BCD17F3E-8DF2-4B00-A75E-BF7372D2873B}.Debug|Win32.Build.0 = Debug|Win32
		{BCD17F3E-8DF2-4B00-A75E-BF7372D2873B}.Release|Win32.ActiveCfg = Release|Win32
		{BCD17F3E-8DF2-4B00-A75E-BF7372D2873B}.Release|Win32.Build.0 = Release|Win32
		{B1760CB8-553B-42AB-B54E-3D0320FF252F}.Debug|Win32.ActiveCfg = Debug|Win32
		{B1760CB8-553B-42AB-B54E-3D0320FF252F}.Debug|Win32.Build.0 = Debug|Win32
		{B1760CB8-553B-42AB-B54E-3D0320FF252F}.Release|Win32.ActiveCfg = Release|Win32
		{B1760CB8-553B-42AB-B54E-3D0320FF252F}.Release|Win32.Build.0 = Release|Win32
		{41413E56-08DA-4592-94D2-5311FE90C62B}.Debug|Win32.ActiveCfg = Debug|Win32
		{41413E56-08DA-4592-94D2-5311FE90C62B}.Debug|Win32.Build.0 = Debug|Win32
		{41413E56-08DA-4592-94D2-5311FE90C62B}.Release|Win32.ActiveCfg = Release|Win32
		{41413E56-08DA-4592-94D2-5311FE90C62B}.Release|Win32.Build.0 = Release|Win32
		{C66E1F6F-84F6-44E2-B5E8-2B127065BE31}.Debug|Win32.ActiveCfg = Debug|Win32
		{C66E1F6F-84F6-44E2-B5E8-2B127065BE31}.Debug|Win32.Build.0 = Debug|Win32
		{C66E1F6F-84F6-44E2-B5E8-2B127065BE31}.Release|Win32.ActiveCfg = Release|Win32
		{C66E1F6F-84F6-44E2-B5E8-2B127065BE31}.Release|Win32.Build.0 = Release|Win32
		{774F6471-D8A0-481C-9B0A-4903EAD25B70}.Debug|Win32.ActiveCfg = Debug|Win32
		{774F6471-D8A0-481C-9B0A-4903EAD25B70}.Debug|Win32.Build.0 = Debug|Win32
		{774F6471-D8A0-481C-9B0A-4903EAD25B70}.Release|Win32.ActiveCfg = Release|Win32
		{774F6471-D8A0-481C-9B0A-4903EAD25B70}.Release|Win32.Build.0 = Release|Win32
		{96D51D96-B35F-47C8-864D-371DF2280686}.Debug|Win32.ActiveCfg = Debug|Win32
		{96D51D96-B35F-47C8-864D-371DF2280686}.Debug|Win32.Build.0 = Debug|Win32
		{96D51D96-B35F-47C8-864D-371DF2280686}.Release|Win32.ActiveCfg = Release|Win32
		{96D51D96-B35F-47C8-864D-371DF2280686}.Release|Win32.Build.0 = Release|Win32
		{1E90E5BC-1280-4A6A-B197-132ABBF97EB9}.Debug|Win32.ActiveCfg = Debug|Win32
		{1E90E5BC-1280-4A6A-B197-132ABBF97EB9}.Debug|Win32.Build.0 = Debug|Win32
		{1E90E5BC-1280-4A6A-B197-132ABBF97EB9}.Release|Win32.ActiveCfg = Release|Win32
		{1E90E5BC-1280-4A6A-B197-132ABBF97EB9}.Release|Win32.Build.0 = Release|Win32
		{2FD8EDAB-B3C3-4654-B6C3-B25C12A063D3}.Debug|Win32.ActiveCfg = Debug|Win32
		{2FD8EDAB-B3C3-4654-B6C3-B25C12A063D3}.Debug|Win32.Build.0 = Debug|Win32
		{2FD8EDAB-B3C3-4654-B6C3-B25C12A063D3}.Release|Win32.ActiveCfg = Release|Win32
		{2FD8EDAB-B3C3-4654-B6C3-B25C12A063D3}.Release|Win32.Build.0 = Release|Win32
		{71582BDA-D4DF-400D-8630-378BE102C038}.Debug|Win32.ActiveCfg = Debug|Win32
		{71582BDA-D4DF-400D-8630-378BE102C038}.Debug|Win32.Build.0 = Debug|Win32
		{71582BDA-D4DF-400D-8630-378BE102C038}.Release|Win32.ActiveCfg = Release|Win32
		{71582BDA-D4DF-400D-8630-378BE102C038}.Release|Win32.Build.0 = Release|Win32
		{C7BCD670-543D-4B29-B2D6-F3169949F79D}.Debug|Win32.ActiveCfg = Debug|Win32
		{C7BCD670-543D-4B29-B2D6-F3169949F79D}.Debug|Win32.Build.0 = Debug|Win32
		{C7BCD670-543D-4B29-B2D6-F3169949F79D}.Release|Win32.ActiveCfg = Release|Win32
		{C7BCD670-543D-4B29-B2D6-F3169949F79D}.Release|Win32.Build.0 = Release|Win32
		{C4D75B1E-34D5-4A98-8535-A9535BE949E4}.Debug|Win32.ActiveCfg = Debug|Win32
		{C4D75B1E-34D5-4A98-8535-A9535BE949E4}.Debug|Win32.Build.0 = Debug|Win32
		{C4D75B1E-34D5-4A98-8535-A9535BE949E4}.Release|Win32.ActiveCfg = Release|Win32
		{C4D75B1E-34D5-4A98-8535-A9535BE949E4}.Release|Win32.Build.0 = Release|Win32
		{EFC23FC0-86D3-4C81-A218-26F0D5A4D50B}.Debug|Win32.ActiveCfg = Debug|Win32
		{EFC23FC0-86D3-4C81-A218-26F0D5A4D50B}.Debug|Win32.Build.0 = Debug|Win32
		{EFC23FC0-86D3-4C81-A218-26F0D5A4D50B}.Release|Win32.ActiveCfg = Release|Win32
		{EFC23FC0-86D3-4C81-A218-26F0D5A4D50B}.Release|Win32.Build.0 = Release|Win32
		{CA5EE1D6-CB4B-4A15-85C5-31D5C00289C4}.Debug|Win32.ActiveCfg = Debug|Win32
		{CA5EE1D6-CB4B-4A15-85C5-31D5C00289C4}.Debug|Win32.Build.0 = Debug|Win32
		{CA5EE1D6-CB4B-4A15-85C5-31D5C00289C4}.Release|Win32.ActiveCfg = Release|Win32
		{CA5EE1D6-CB4B-4A15-85C5-31D5C00289C4}.Release|Win32.Build.0 = Release|Win32
		{30C37854-9ED6-4C1E-97FB-BF8637BD5811}.Debug|Win32.ActiveCfg = Debug|Win32
		{30C37854-9ED6-4C1E-97FB-BF8637BD5811}.Debug|Win32.Build.0 = Debug|Win32
		{30C37854-9ED6-4C1E-97FB-BF8637BD5811}.Release|Win32.ActiveCfg = Release|Win32
		{30C37854-9ED6-4C1E-97FB-BF8637BD5811}.Release|Win32.Build.0 = Release|Win32
		{B1A97F62-85CD-4239-BB56-619988B08260}.Debug|Win32.ActiveCfg = Debug|Win32
		{B1A97F62-85CD-4239-BB56-619988B08260}.Debug|Win32.Build.0 = Debug|Win32
		{B1A97F62-85CD-4239-BB56-619988B08260}.Release|Win32.ActiveCfg = Release|Win32
		{B1A97F62-85CD-4239-BB56-619988B08260}.Release|Win32.Build.0 = Release|Win32
		{E54F493F-BF9D-4A6D-AE2F-5F97AC95251A}.Debug|Win32.ActiveCfg = Debug|Win32
		{E54F493F-BF9D-4A6D-AE2F-5F97AC95251A}.Debug|Win32.Build.0 = Debug|Win32
		{E54F493F-BF9D-4A6D-AE2F-5F97AC95251A}.Release|Win32.ActiveCfg = Release|Win32
		{E54F493F-BF9D-4A6D-AE2F-5F97AC95251A}.Release|Win32.Build.0 = Release|Win32
		{4EBFC27A-75C9-43A1-8DDA-AFEB45C564DC}.Debug|Win32.ActiveCfg = Debug|Win32
		{4EBFC27A-75C9-43A1-8DDA-AFEB45C564DC}.Debug|Win32.Build.0 = Debug|Win32
		{4EBFC27A-75C9-43A1-8DDA-AFEB45C564DC}.Release|Win32.ActiveCfg = Release|Win32
		{4EBFC27A-75C9-43A1-8DDA-AFEB45C564DC}.Release|Win32.Build.0 = Release|Win32
		{104D31F9-49BA-4A1A-B84F-0A3AEE3C4DB2}.Debug|Win32.ActiveCfg = Debug|Win32
		{104D31F9-49BA-4A1A-B84F-0A3AEE3C4DB2}.Debug|Win32.Build.0 = Debug|Win32
		{104D31F9-49BA-4A1A-B84F-0A3AEE3C4DB2}.Release|Win32.ActiveCfg = Release|Win32
		{104D31F9-49BA-4A1A-B84F-0A3AEE3C4DB2}.Release|Win32.Build.0 = Release|Win32
		{14B5DFC5-D511-4D8C-A231-EE90A05687E1}.Debug|Win32.ActiveCfg = Debug|Win32
		{14B5DFC5-D511-4D8C-A231-EE90A05687E1}.Debug|Win32.Build.0 = Debug|Win32
		{14B5DFC5-D511-4D8C-A231-EE90A05687E1}.Release|Win32.ActiveCfg = Release|Win32
		{14B5DFC5-D511-4D8C-A231-EE90A05687E1}.Release|Win32.Build.0 = Release|Win32
		{F11970B5-BE16-4FF5-9780-4C15082B76A0}.Debug|Win32.ActiveCfg = Debug|Win32
		{F11970B5-BE16-4FF5-9780-4C15082B76A0}.Debug|Win32.Build.0 = Debug|Win32
		{F11970B5-BE16-4FF5-9780-4C15082B76A0}.Release|Win32.ActiveCfg = Release|Win32
		{F11970B5-BE16-4FF5-9780-4C15082B76A0}.Release|Win32.Build.0 = Release|Win32
		{FABF1AA7-F695-49F8-92F6-AB6C4B0C088A}.Debug|Win32.ActiveCfg = Debug|Win32
		{FABF1AA7-F695-49F8-92F6-AB6C4B0C088A}.Debug|Win32.Build.0 = Debug|Win32
		{FABF1AA7-F695-49F8-92F6-AB6C4B0C088A}.Release|Win32.ActiveCfg = Release|Win32
		{FABF1AA7-F695-49F8-92F6-AB6C4B0C088A}.Release|Win32.Build.0 = Release|Win32
		{5ABF0B56-F9F1-4D93-B15A-E3972F45D97B}.Debug|Win32.ActiveCfg = Debug|Win32
		{5ABF0B56-F9F1-4D93-B15A-E3972F45D97B}.Debug|Win32.Build.0 = Debug|Win32
		{5ABF0B56-F9F1-4D93-B15A-E3972F45D97B}.Release|Win32.ActiveCfg = Release|Win32
		{5ABF0B56-F9F1-4D93-B15A-E3972F45D97B}.Release|Win32.Build.0 = Release|Win32
		{8359726E-9F03-4300-8F63-1FEAC84251D0}.Debug|Win32.ActiveCfg = Debug|Win32
		{8359726E-9F03-4300-8F63-1FEAC84251D0}.Debug|Win32.Build.0 = Debug|Win32
		{8359726E-9F03-4300-8F63-1FEAC84251D0}.Release|Win32.ActiveCfg = Release|Win32
		{8359726E-9F03-4300-8F63-1FEAC84251D0}.Release|Win32.Build.0 = Release|Win32
	EndGlobalSection
	GlobalSection(SolutionProperties) = preSolution
		HideSolutionNode = FALSE
	EndGlobalSection
EndGlobal
