Microsoft Visual Studio Solution File, Format Version 9.00
# Visual C++ Express 2005
Project("{8BC9CEB8-8B4A-11D0-8D11-00A0C91BC942}") = "wkt", "wkt.vcproj", "{CA8D5E44-7D8F-44A1-900C-35C28890299B}"
EndProject
Global
	GlobalSection(SolutionConfigurationPlatforms) = preSolution
		Debug|Win32 = Debug|Win32
		Release|Win32 = Release|Win32
	EndGlobalSection
	GlobalSection(ProjectConfigurationPlatforms) = postSolution
		{1FA2ADE2-F649-4245-951E-A8F5935E7127}.Debug|Win32.ActiveCfg = Debug|Win32
		{1FA2ADE2-F649-4245-951E-A8F5935E7127}.Debug|Win32.Build.0 = Debug|Win32
		{1FA2ADE2-F649-4245-951E-A8F5935E7127}.Release|Win32.ActiveCfg = Release|Win32
		{1FA2ADE2-F649-4245-951E-A8F5935E7127}.Release|Win32.Build.0 = Release|Win32
		{F2A680B0-F6FC-479E-9988-24CF6851C13C}.Debug|Win32.ActiveCfg = Debug|Win32
		{F2A680B0-F6FC-479E-9988-24CF6851C13C}.Debug|Win32.Build.0 = Debug|Win32
		{F2A680B0-F6FC-479E-9988-24CF6851C13C}.Release|Win32.ActiveCfg = Release|Win32
		{F2A680B0-F6FC-479E-9988-24CF6851C13C}.Release|Win32.Build.0 = Release|Win32
		{CA8D5E44-7D8F-44A1-900C-35C28890299B}.Debug|Win32.ActiveCfg = Debug|Win32
		{CA8D5E44-7D8F-44A1-900C-35C28890299B}.Debug|Win32.Build.0 = Debug|Win32
		{CA8D5E44-7D8F-44A1-900C-35C28890299B}.Release|Win32.ActiveCfg = Release|Win32
		{CA8D5E44-7D8F-44A1-900C-35C28890299B}.Release|Win32.Build.0 = Release|Win32
	EndGlobalSection
	GlobalSection(SolutionProperties) = preSolution
		HideSolutionNode = FALSE
	EndGlobalSection
EndGlobal
