Microsoft Visual Studio Solution File, Format Version 9.00
# Visual C++ Express 2005
Project("{8BC9CEB8-8B4A-11D0-8D11-00A0C91BC942}") = "multi_within", "algorithms\multi_within.vcproj", "{CA8D5E44-7D8F-44A1-901C-35C28890299B}"
EndProject
Project("{8BC9CEB8-8B4A-11D0-8D11-00A0C91BC942}") = "multi_distance", "algorithms\multi_distance.vcproj", "{D770F3E8-0567-4EDD-91FC-20BA402A3F74}"
EndProject
Project("{8BC9CEB8-8B4A-11D0-8D11-00A0C91BC942}") = "multi_convex_hull", "algorithms\multi_convex_hull.vcproj", "{B810C404-C4D9-4A6A-96B0-1DCED269D65D}"
EndProject
Project("{8BC9CEB8-8B4A-11D0-8D11-00A0C91BC942}") = "multi_envelope", "algorithms\multi_envelope.vcproj", "{85385CF0-240C-4900-B5EA-E34D2415A18F}"
EndProject
Project("{8BC9CEB8-8B4A-11D0-8D11-00A0C91BC942}") = "multi_centroid", "algorithms\multi_centroid.vcproj", "{7EE302E1-7FCF-4E9E-8DB3-36EA4D88B6CA}"
EndProject
Project("{8BC9CEB8-8B4A-11D0-8D11-00A0C91BC942}") = "multi_correct", "algorithms\multi_correct.vcproj", "{DFB00B88-2ED8-49CA-B739-7C8A8602D681}"
EndProject
Project("{8BC9CEB8-8B4A-11D0-8D11-00A0C91BC942}") = "multi_simplify", "algorithms\multi_simplify.vcproj", "{76A74CE4-EBF8-4F8A-98B7-1AF607B2B68C}"
EndProject
Project("{8BC9CEB8-8B4A-11D0-8D11-00A0C91BC942}") = "multi_for_each", "algorithms\multi_for_each.vcproj", "{B016FE33-D587-45C6-8444-607839BB2C2D}"
EndProject
Project("{8BC9CEB8-8B4A-11D0-8D11-00A0C91BC942}") = "multi_area", "algorithms\multi_area.vcproj", "{691082ED-2778-4300-9860-42DFBBABE535}"
EndProject
Project("{8BC9CEB8-8B4A-11D0-8D11-00A0C91BC942}") = "multi_length", "algorithms\multi_length.vcproj", "{9087BA6C-7563-41E6-90AD-F60BC58DDC17}"
EndProject
Project("{8BC9CEB8-8B4A-11D0-8D11-00A0C91BC942}") = "multi_perimeter", "algorithms\multi_perimeter.vcproj", "{D91C3F39-B8A5-4EB9-A7A8-D72B297DCFBF}"
EndProject
Project("{8BC9CEB8-8B4A-11D0-8D11-00A0C91BC942}") = "multi_intersection", "algorithms\multi_intersection.vcproj", "{FFB78F24-7999-4416-BDED-9C35A3DDF32D}"
EndProject
Project("{8BC9CEB8-8B4A-11D0-8D11-00A0C91BC942}") = "multi_union", "algorithms\multi_union.vcproj", "{1A8443BE-2666-4D6B-B4BC-6A7B7DD224B0}"
EndProject
Project("{8BC9CEB8-8B4A-11D0-8D11-00A0C91BC942}") = "multi_equals", "algorithms\multi_equals.vcproj", "{AA0EFD64-E034-421A-BD4A-E5A336D95C30}"
EndProject
Project("{8BC9CEB8-8B4A-11D0-8D11-00A0C91BC942}") = "multi_reverse", "algorithms\multi_reverse.vcproj", "{698BE05D-43E2-4BF5-B7FD-48BE3EE7BC21}"
EndProject
Project("{8BC9CEB8-8B4A-11D0-8D11-00A0C91BC942}") = "multi_unique", "algorithms\multi_unique.vcproj", "{71879D37-84A8-4949-8CDB-212982F81D80}"
EndProject
Project("{8BC9CEB8-8B4A-11D0-8D11-00A0C91BC942}") = "multi_num_geometries", "algorithms\multi_num_geometries.vcproj", "{8DB68EB9-07CA-4705-859E-B1A7098B5CF3}"
EndProject
Project("{8BC9CEB8-8B4A-11D0-8D11-00A0C91BC942}") = "multi_num_points", "algorithms\multi_num_points.vcproj", "{EA4B2EB3-1FBA-42BE-B7D7-5A517BC74E2B}"
EndProject
Project("{8BC9CEB8-8B4A-11D0-8D11-00A0C91BC942}") = "multi_num_interior_rings", "algorithms\multi_num_interior_rings.vcproj", "{3F8E4B3A-43D5-49ED-89F6-C6D1CF609B02}"
EndProject
Project("{8BC9CEB8-8B4A-11D0-8D11-00A0C91BC942}") = "multi_difference", "algorithms\multi_difference.vcproj", "{7F85B87A-48A6-47BD-A08C-AB12AEA56582}"
EndProject
Project("{8BC9CEB8-8B4A-11D0-8D11-00A0C91BC942}") = "multi_transform", "algorithms\multi_transform.vcproj", "{64985954-0A74-46F5-908F-865E905C3414}"
EndProject
Project("{8BC9CEB8-8B4A-11D0-8D11-00A0C91BC942}") = "multi_covered_by", "algorithms\multi_covered_by.vcproj", "{680E56F0-229C-4377-BDC0-80EB9B59314B}"
EndProject
Project("{8BC9CEB8-8B4A-11D0-8D11-00A0C91BC942}") = "multi_convert", "algorithms\multi_convert.vcproj", "{21B7EF55-23C3-4FD2-9F2F-FD8F0F3FE167}"
EndProject
Project("{8BC9CEB8-8B4A-11D0-8D11-00A0C91BC942}") = "multi_disjoint", "algorithms\multi_disjoint.vcproj", "{5DEA6558-9DF7-42D4-AF10-4D6D8BB7EAD1}"
EndProject
Project("{8BC9CEB8-8B4A-11D0-8D11-00A0C91BC942}") = "multi_touches", "algorithms\multi_touches.vcproj", "{108173B8-B6F4-4366-8018-2BF282ED4881}"
EndProject
Global
	GlobalSection(SolutionConfigurationPlatforms) = preSolution
		Debug|Win32 = Debug|Win32
		Release|Win32 = Release|Win32
	EndGlobalSection
	GlobalSection(ProjectConfigurationPlatforms) = postSolution
		{CA8D5E44-7D8F-44A1-901C-35C28890299B}.Debug|Win32.ActiveCfg = Debug|Win32
		{CA8D5E44-7D8F-44A1-901C-35C28890299B}.Debug|Win32.Build.0 = Debug|Win32
		{CA8D5E44-7D8F-44A1-901C-35C28890299B}.Release|Win32.ActiveCfg = Release|Win32
		{CA8D5E44-7D8F-44A1-901C-35C28890299B}.Release|Win32.Build.0 = Release|Win32
		{D770F3E8-0567-4EDD-91FC-20BA402A3F74}.Debug|Win32.ActiveCfg = Debug|Win32
		{D770F3E8-0567-4EDD-91FC-20BA402A3F74}.Debug|Win32.Build.0 = Debug|Win32
		{D770F3E8-0567-4EDD-91FC-20BA402A3F74}.Release|Win32.ActiveCfg = Release|Win32
		{D770F3E8-0567-4EDD-91FC-20BA402A3F74}.Release|Win32.Build.0 = Release|Win32
		{B810C404-C4D9-4A6A-96B0-1DCED269D65D}.Debug|Win32.ActiveCfg = Debug|Win32
		{B810C404-C4D9-4A6A-96B0-1DCED269D65D}.Debug|Win32.Build.0 = Debug|Win32
		{B810C404-C4D9-4A6A-96B0-1DCED269D65D}.Release|Win32.ActiveCfg = Release|Win32
		{B810C404-C4D9-4A6A-96B0-1DCED269D65D}.Release|Win32.Build.0 = Release|Win32
		{85385CF0-240C-4900-B5EA-E34D2415A18F}.Debug|Win32.ActiveCfg = Debug|Win32
		{85385CF0-240C-4900-B5EA-E34D2415A18F}.Debug|Win32.Build.0 = Debug|Win32
		{85385CF0-240C-4900-B5EA-E34D2415A18F}.Release|Win32.ActiveCfg = Release|Win32
		{85385CF0-240C-4900-B5EA-E34D2415A18F}.Release|Win32.Build.0 = Release|Win32
		{7EE302E1-7FCF-4E9E-8DB3-36EA4D88B6CA}.Debug|Win32.ActiveCfg = Debug|Win32
		{7EE302E1-7FCF-4E9E-8DB3-36EA4D88B6CA}.Debug|Win32.Build.0 = Debug|Win32
		{7EE302E1-7FCF-4E9E-8DB3-36EA4D88B6CA}.Release|Win32.ActiveCfg = Release|Win32
		{7EE302E1-7FCF-4E9E-8DB3-36EA4D88B6CA}.Release|Win32.Build.0 = Release|Win32
		{DFB00B88-2ED8-49CA-B739-7C8A8602D681}.Debug|Win32.ActiveCfg = Debug|Win32
		{DFB00B88-2ED8-49CA-B739-7C8A8602D681}.Debug|Win32.Build.0 = Debug|Win32
		{DFB00B88-2ED8-49CA-B739-7C8A8602D681}.Release|Win32.ActiveCfg = Release|Win32
		{DFB00B88-2ED8-49CA-B739-7C8A8602D681}.Release|Win32.Build.0 = Release|Win32
		{76A74CE4-EBF8-4F8A-98B7-1AF607B2B68C}.Debug|Win32.ActiveCfg = Debug|Win32
		{76A74CE4-EBF8-4F8A-98B7-1AF607B2B68C}.Debug|Win32.Build.0 = Debug|Win32
		{76A74CE4-EBF8-4F8A-98B7-1AF607B2B68C}.Release|Win32.ActiveCfg = Release|Win32
		{76A74CE4-EBF8-4F8A-98B7-1AF607B2B68C}.Release|Win32.Build.0 = Release|Win32
		{B016FE33-D587-45C6-8444-607839BB2C2D}.Debug|Win32.ActiveCfg = Debug|Win32
		{B016FE33-D587-45C6-8444-607839BB2C2D}.Debug|Win32.Build.0 = Debug|Win32
		{B016FE33-D587-45C6-8444-607839BB2C2D}.Release|Win32.ActiveCfg = Release|Win32
		{B016FE33-D587-45C6-8444-607839BB2C2D}.Release|Win32.Build.0 = Release|Win32
		{691082ED-2778-4300-9860-42DFBBABE535}.Debug|Win32.ActiveCfg = Debug|Win32
		{691082ED-2778-4300-9860-42DFBBABE535}.Debug|Win32.Build.0 = Debug|Win32
		{691082ED-2778-4300-9860-42DFBBABE535}.Release|Win32.ActiveCfg = Release|Win32
		{691082ED-2778-4300-9860-42DFBBABE535}.Release|Win32.Build.0 = Release|Win32
		{9087BA6C-7563-41E6-90AD-F60BC58DDC17}.Debug|Win32.ActiveCfg = Debug|Win32
		{9087BA6C-7563-41E6-90AD-F60BC58DDC17}.Debug|Win32.Build.0 = Debug|Win32
		{9087BA6C-7563-41E6-90AD-F60BC58DDC17}.Release|Win32.ActiveCfg = Release|Win32
		{9087BA6C-7563-41E6-90AD-F60BC58DDC17}.Release|Win32.Build.0 = Release|Win32
		{D91C3F39-B8A5-4EB9-A7A8-D72B297DCFBF}.Debug|Win32.ActiveCfg = Debug|Win32
		{D91C3F39-B8A5-4EB9-A7A8-D72B297DCFBF}.Debug|Win32.Build.0 = Debug|Win32
		{D91C3F39-B8A5-4EB9-A7A8-D72B297DCFBF}.Release|Win32.ActiveCfg = Release|Win32
		{D91C3F39-B8A5-4EB9-A7A8-D72B297DCFBF}.Release|Win32.Build.0 = Release|Win32
		{FFB78F24-7999-4416-BDED-9C35A3DDF32D}.Debug|Win32.ActiveCfg = Debug|Win32
		{FFB78F24-7999-4416-BDED-9C35A3DDF32D}.Debug|Win32.Build.0 = Debug|Win32
		{FFB78F24-7999-4416-BDED-9C35A3DDF32D}.Release|Win32.ActiveCfg = Release|Win32
		{FFB78F24-7999-4416-BDED-9C35A3DDF32D}.Release|Win32.Build.0 = Release|Win32
		{1A8443BE-2666-4D6B-B4BC-6A7B7DD224B0}.Debug|Win32.ActiveCfg = Debug|Win32
		{1A8443BE-2666-4D6B-B4BC-6A7B7DD224B0}.Debug|Win32.Build.0 = Debug|Win32
		{1A8443BE-2666-4D6B-B4BC-6A7B7DD224B0}.Release|Win32.ActiveCfg = Release|Win32
		{1A8443BE-2666-4D6B-B4BC-6A7B7DD224B0}.Release|Win32.Build.0 = Release|Win32
		{AA0EFD64-E034-421A-BD4A-E5A336D95C30}.Debug|Win32.ActiveCfg = Debug|Win32
		{AA0EFD64-E034-421A-BD4A-E5A336D95C30}.Debug|Win32.Build.0 = Debug|Win32
		{AA0EFD64-E034-421A-BD4A-E5A336D95C30}.Release|Win32.ActiveCfg = Release|Win32
		{AA0EFD64-E034-421A-BD4A-E5A336D95C30}.Release|Win32.Build.0 = Release|Win32
		{698BE05D-43E2-4BF5-B7FD-48BE3EE7BC21}.Debug|Win32.ActiveCfg = Debug|Win32
		{698BE05D-43E2-4BF5-B7FD-48BE3EE7BC21}.Debug|Win32.Build.0 = Debug|Win32
		{698BE05D-43E2-4BF5-B7FD-48BE3EE7BC21}.Release|Win32.ActiveCfg = Release|Win32
		{698BE05D-43E2-4BF5-B7FD-48BE3EE7BC21}.Release|Win32.Build.0 = Release|Win32
		{71879D37-84A8-4949-8CDB-212982F81D80}.Debug|Win32.ActiveCfg = Debug|Win32
		{71879D37-84A8-4949-8CDB-212982F81D80}.Debug|Win32.Build.0 = Debug|Win32
		{71879D37-84A8-4949-8CDB-212982F81D80}.Release|Win32.ActiveCfg = Release|Win32
		{71879D37-84A8-4949-8CDB-212982F81D80}.Release|Win32.Build.0 = Release|Win32
		{8DB68EB9-07CA-4705-859E-B1A7098B5CF3}.Debug|Win32.ActiveCfg = Debug|Win32
		{8DB68EB9-07CA-4705-859E-B1A7098B5CF3}.Debug|Win32.Build.0 = Debug|Win32
		{8DB68EB9-07CA-4705-859E-B1A7098B5CF3}.Release|Win32.ActiveCfg = Release|Win32
		{8DB68EB9-07CA-4705-859E-B1A7098B5CF3}.Release|Win32.Build.0 = Release|Win32
		{EA4B2EB3-1FBA-42BE-B7D7-5A517BC74E2B}.Debug|Win32.ActiveCfg = Debug|Win32
		{EA4B2EB3-1FBA-42BE-B7D7-5A517BC74E2B}.Debug|Win32.Build.0 = Debug|Win32
		{EA4B2EB3-1FBA-42BE-B7D7-5A517BC74E2B}.Release|Win32.ActiveCfg = Release|Win32
		{EA4B2EB3-1FBA-42BE-B7D7-5A517BC74E2B}.Release|Win32.Build.0 = Release|Win32
		{3F8E4B3A-43D5-49ED-89F6-C6D1CF609B02}.Debug|Win32.ActiveCfg = Debug|Win32
		{3F8E4B3A-43D5-49ED-89F6-C6D1CF609B02}.Debug|Win32.Build.0 = Debug|Win32
		{3F8E4B3A-43D5-49ED-89F6-C6D1CF609B02}.Release|Win32.ActiveCfg = Release|Win32
		{3F8E4B3A-43D5-49ED-89F6-C6D1CF609B02}.Release|Win32.Build.0 = Release|Win32
		{7F85B87A-48A6-47BD-A08C-AB12AEA56582}.Debug|Win32.ActiveCfg = Debug|Win32
		{7F85B87A-48A6-47BD-A08C-AB12AEA56582}.Debug|Win32.Build.0 = Debug|Win32
		{7F85B87A-48A6-47BD-A08C-AB12AEA56582}.Release|Win32.ActiveCfg = Release|Win32
		{7F85B87A-48A6-47BD-A08C-AB12AEA56582}.Release|Win32.Build.0 = Release|Win32
		{64985954-0A74-46F5-908F-865E905C3414}.Debug|Win32.ActiveCfg = Debug|Win32
		{64985954-0A74-46F5-908F-865E905C3414}.Debug|Win32.Build.0 = Debug|Win32
		{64985954-0A74-46F5-908F-865E905C3414}.Release|Win32.ActiveCfg = Release|Win32
		{64985954-0A74-46F5-908F-865E905C3414}.Release|Win32.Build.0 = Release|Win32
		{680E56F0-229C-4377-BDC0-80EB9B59314B}.Debug|Win32.ActiveCfg = Debug|Win32
		{680E56F0-229C-4377-BDC0-80EB9B59314B}.Debug|Win32.Build.0 = Debug|Win32
		{680E56F0-229C-4377-BDC0-80EB9B59314B}.Release|Win32.ActiveCfg = Release|Win32
		{680E56F0-229C-4377-BDC0-80EB9B59314B}.Release|Win32.Build.0 = Release|Win32
		{21B7EF55-23C3-4FD2-9F2F-FD8F0F3FE167}.Debug|Win32.ActiveCfg = Debug|Win32
		{21B7EF55-23C3-4FD2-9F2F-FD8F0F3FE167}.Debug|Win32.Build.0 = Debug|Win32
		{21B7EF55-23C3-4FD2-9F2F-FD8F0F3FE167}.Release|Win32.ActiveCfg = Release|Win32
		{21B7EF55-23C3-4FD2-9F2F-FD8F0F3FE167}.Release|Win32.Build.0 = Release|Win32
		{5DEA6558-9DF7-42D4-AF10-4D6D8BB7EAD1}.Debug|Win32.ActiveCfg = Debug|Win32
		{5DEA6558-9DF7-42D4-AF10-4D6D8BB7EAD1}.Debug|Win32.Build.0 = Debug|Win32
		{5DEA6558-9DF7-42D4-AF10-4D6D8BB7EAD1}.Release|Win32.ActiveCfg = Release|Win32
		{5DEA6558-9DF7-42D4-AF10-4D6D8BB7EAD1}.Release|Win32.Build.0 = Release|Win32
		{108173B8-B6F4-4366-8018-2BF282ED4881}.Debug|Win32.ActiveCfg = Debug|Win32
		{108173B8-B6F4-4366-8018-2BF282ED4881}.Debug|Win32.Build.0 = Debug|Win32
		{108173B8-B6F4-4366-8018-2BF282ED4881}.Release|Win32.ActiveCfg = Release|Win32
		{108173B8-B6F4-4366-8018-2BF282ED4881}.Release|Win32.Build.0 = Release|Win32
	EndGlobalSection
	GlobalSection(SolutionProperties) = preSolution
		HideSolutionNode = FALSE
	EndGlobalSection
EndGlobal
