Microsoft Visual Studio Solution File, Format Version 9.00
# Visual C++ Express 2005
Project("{8BC9CEB8-8B4A-11D0-8D11-00A0C91BC942}") = "box", "box.vcproj", "{EB7B69C6-2D62-43BC-BA18-D15BEB998665}"
EndProject
Project("{8BC9CEB8-8B4A-11D0-8D11-00A0C91BC942}") = "custom_linestring", "custom_linestring.vcproj", "{CA8D5E44-7D8F-44A1-900C-35C28890299B}"
EndProject
Project("{8BC9CEB8-8B4A-11D0-8D11-00A0C91BC942}") = "segment", "segment.vcproj", "{F995B070-62A2-46FE-A676-79AADB71DBD8}"
EndProject
Project("{8BC9CEB8-8B4A-11D0-8D11-00A0C91BC942}") = "boost_array_as_point", "boost_array_as_point.vcproj", "{77F84000-D088-46AD-A023-08552101B1C5}"
EndProject
Project("{8BC9CEB8-8B4A-11D0-8D11-00A0C91BC942}") = "boost_polygon", "boost_polygon.vcproj", "{6809180F-1E31-42B0-8481-67AC8E9B180B}"
EndProject
Project("{8BC9CEB8-8B4A-11D0-8D11-00A0C91BC942}") = "boost_range", "boost_range.vcproj", "{8E719071-B525-4F58-832A-AB75FCA8BEA0}"
EndProject
Project("{8BC9CEB8-8B4A-11D0-8D11-00A0C91BC942}") = "boost_fusion", "boost_fusion.vcproj", "{C218C979-890F-4690-84E0-837DC661CE57}"
EndProject
Project("{8BC9CEB8-8B4A-11D0-8D11-00A0C91BC942}") = "boost_polygon_overlay", "boost_polygon_overlay.vcproj", "{93C4EB19-8A0C-437E-9F82-A0DB4A4A5C32}"
EndProject
Global
	GlobalSection(SolutionConfigurationPlatforms) = preSolution
		Debug|Win32 = Debug|Win32
		Release|Win32 = Release|Win32
	EndGlobalSection
	GlobalSection(ProjectConfigurationPlatforms) = postSolution
		{EB7B69C6-2D62-43BC-BA18-D15BEB998665}.Debug|Win32.ActiveCfg = Debug|Win32
		{EB7B69C6-2D62-43BC-BA18-D15BEB998665}.Debug|Win32.Build.0 = Debug|Win32
		{EB7B69C6-2D62-43BC-BA18-D15BEB998665}.Release|Win32.ActiveCfg = Release|Win32
		{EB7B69C6-2D62-43BC-BA18-D15BEB998665}.Release|Win32.Build.0 = Release|Win32
		{CA8D5E44-7D8F-44A1-900C-35C28890299B}.Debug|Win32.ActiveCfg = Debug|Win32
		{CA8D5E44-7D8F-44A1-900C-35C28890299B}.Debug|Win32.Build.0 = Debug|Win32
		{CA8D5E44-7D8F-44A1-900C-35C28890299B}.Release|Win32.ActiveCfg = Release|Win32
		{CA8D5E44-7D8F-44A1-900C-35C28890299B}.Release|Win32.Build.0 = Release|Win32
		{F995B070-62A2-46FE-A676-79AADB71DBD8}.Debug|Win32.ActiveCfg = Debug|Win32
		{F995B070-62A2-46FE-A676-79AADB71DBD8}.Debug|Win32.Build.0 = Debug|Win32
		{F995B070-62A2-46FE-A676-79AADB71DBD8}.Release|Win32.ActiveCfg = Release|Win32
		{F995B070-62A2-46FE-A676-79AADB71DBD8}.Release|Win32.Build.0 = Release|Win32
		{77F84000-D088-46AD-A023-08552101B1C5}.Debug|Win32.ActiveCfg = Debug|Win32
		{77F84000-D088-46AD-A023-08552101B1C5}.Debug|Win32.Build.0 = Debug|Win32
		{77F84000-D088-46AD-A023-08552101B1C5}.Release|Win32.ActiveCfg = Release|Win32
		{77F84000-D088-46AD-A023-08552101B1C5}.Release|Win32.Build.0 = Release|Win32
		{6809180F-1E31-42B0-8481-67AC8E9B180B}.Debug|Win32.ActiveCfg = Debug|Win32
		{6809180F-1E31-42B0-8481-67AC8E9B180B}.Debug|Win32.Build.0 = Debug|Win32
		{6809180F-1E31-42B0-8481-67AC8E9B180B}.Release|Win32.ActiveCfg = Release|Win32
		{6809180F-1E31-42B0-8481-67AC8E9B180B}.Release|Win32.Build.0 = Release|Win32
		{8E719071-B525-4F58-832A-AB75FCA8BEA0}.Debug|Win32.ActiveCfg = Debug|Win32
		{8E719071-B525-4F58-832A-AB75FCA8BEA0}.Debug|Win32.Build.0 = Debug|Win32
		{8E719071-B525-4F58-832A-AB75FCA8BEA0}.Release|Win32.ActiveCfg = Release|Win32
		{8E719071-B525-4F58-832A-AB75FCA8BEA0}.Release|Win32.Build.0 = Release|Win32
		{C218C979-890F-4690-84E0-837DC661CE57}.Debug|Win32.ActiveCfg = Debug|Win32
		{C218C979-890F-4690-84E0-837DC661CE57}.Debug|Win32.Build.0 = Debug|Win32
		{C218C979-890F-4690-84E0-837DC661CE57}.Release|Win32.ActiveCfg = Release|Win32
		{C218C979-890F-4690-84E0-837DC661CE57}.Release|Win32.Build.0 = Release|Win32
		{93C4EB19-8A0C-437E-9F82-A0DB4A4A5C32}.Debug|Win32.ActiveCfg = Debug|Win32
		{93C4EB19-8A0C-437E-9F82-A0DB4A4A5C32}.Debug|Win32.Build.0 = Debug|Win32
		{93C4EB19-8A0C-437E-9F82-A0DB4A4A5C32}.Release|Win32.ActiveCfg = Release|Win32
		{93C4EB19-8A0C-437E-9F82-A0DB4A4A5C32}.Release|Win32.Build.0 = Release|Win32
	EndGlobalSection
	GlobalSection(SolutionProperties) = preSolution
		HideSolutionNode = FALSE
	EndGlobalSection
EndGlobal
